#
# This file is autogenerated by pip-compile with Python 3.12
# by the following command:
#
#    pip-compile --no-index --output-file=requirements.lock --strip-extras requirements.txt
#
annotated-doc==0.0.5
    # via fastapi
annotated-types==0.8.0
    # via pydantic
anyio==4.14.2
    # via
    #   httpx
    #   scrapling
    #   starlette
    #   watchfiles
apify-fingerprint-datapoints==0.15.0
    # via
    #   browserforge
    #   scrapling
babel==2.18.0
    # via courlan
beautifulsoup4==4.15.0
    # via markdownify
browserforge==1.2.4
    # via scrapling
certifi==2026.7.22
    # via
    #   curl-cffi
    #   httpcore
    #   httpx
    #   trafilatura
cffi==2.1.1
    # via curl-cffi
charset-normalizer==3.5.1
    # via
    #   htmldate
    #   trafilatura
click==8.5.0
    # via
    #   browserforge
    #   scrapling
    #   uvicorn
courlan==1.4.0
    # via trafilatura
cssselect==1.5.0
    # via scrapling
curl-cffi==0.16.2
    # via scrapling
dateparser==1.4.2
    # via htmldate
et-xmlfile==2.0.0
    # via openpyxl
fastapi==0.141.1
    # via -r requirements.txt
greenlet==3.5.5
    # via
    #   patchright
    #   playwright
h11==0.16.0
    # via
    #   httpcore
    #   uvicorn
htmldate==1.10.0
    # via trafilatura
httpcore==1.0.9
    # via httpx
httptools==0.8.0
    # via uvicorn
httpx==0.28.1
    # via -r requirements.txt
idna==3.19
    # via
    #   anyio
    #   httpx
justext==3.0.2
    # via trafilatura
lxml==6.1.2
    # via
    #   htmldate
    #   justext
    #   lxml-html-clean
    #   python-docx
    #   python-pptx
    #   scrapling
    #   trafilatura
lxml-html-clean==0.4.5
    # via lxml
markdownify==1.2.3
    # via -r requirements.txt
msgspec==0.21.1
    # via scrapling
openpyxl==3.1.5
    # via -r requirements.txt
orjson==3.12.0
    # via scrapling
patchright==1.62.2
    # via
    #   -r requirements.txt
    #   scrapling
pillow==12.3.0
    # via python-pptx
playwright==1.62.0
    # via
    #   -r requirements.txt
    #   scrapling
protego==0.6.2
    # via scrapling
pycparser==3.0
    # via cffi
pydantic==2.13.5
    # via fastapi
pydantic-core==2.46.5
    # via pydantic
pyee==13.0.1
    # via
    #   patchright
    #   playwright
pymupdf==1.28.2
    # via -r requirements.txt
python-dateutil==2.9.0.post0
    # via
    #   dateparser
    #   htmldate
python-docx==1.2.0
    # via -r requirements.txt
python-dotenv==1.2.3
    # via uvicorn
python-pptx==1.0.2
    # via -r requirements.txt
pytz==2026.3.post1
    # via dateparser
pyyaml==6.0.3
    # via
    #   -r requirements.txt
    #   uvicorn
regex==2026.8.31
    # via dateparser
scrapling==0.4.15
    # via -r requirements.txt
six==1.17.0
    # via
    #   markdownify
    #   python-dateutil
soupsieve==2.9.2
    # via beautifulsoup4
starlette==1.6.0
    # via fastapi
striprtf==0.0.33
    # via -r requirements.txt
tld==0.13.2
    # via
    #   courlan
    #   scrapling
trafilatura==2.2.0
    # via -r requirements.txt
typing-extensions==4.16.0
    # via
    #   anyio
    #   beautifulsoup4
    #   fastapi
    #   pydantic
    #   pydantic-core
    #   pyee
    #   python-docx
    #   python-pptx
    #   scrapling
    #   starlette
    #   typing-inspection
typing-inspection==0.4.4
    # via
    #   fastapi
    #   pydantic
tzlocal==5.4.4
    # via dateparser
urllib3==2.7.0
    # via
    #   courlan
    #   htmldate
    #   trafilatura
uvicorn==0.52.4
    # via -r requirements.txt
uvloop==0.22.1
    # via uvicorn
w3lib==2.4.1
    # via scrapling
watchfiles==1.2.0
    # via uvicorn
websockets==17.1
    # via uvicorn
xlsxwriter==3.2.9
    # via python-pptx
